
Microsoft Visual Studio Solution File, Format Version 12.00
# Visual Studio Version 17
VisualStudioVersion = 17.7.34003.232
MinimumVisualStudioVersion = 10.0.40219.1
Project("{FAE04EC0-301F-11D3-BF4B-00C04F79EFBC}") = "MyRolesApp", "MyRolesApp.csproj", "{33AFED39-1E34-4238-9831-03BA2EE4909D}"
EndProject
Global
	GlobalSection(SolutionConfigurationPlatforms) = preSolution
		Debug|Any CPU = Debug|Any CPU
		Release|Any CPU = Release|Any CPU
	EndGlobalSection
	GlobalSection(ProjectConfigurationPlatforms) = postSolution
		{33AFED39-1E34-4238-9831-03BA2EE4909D}.Debug|Any CPU.ActiveCfg = Debug|Any CPU
		{33AFED39-1E34-4238-9831-03BA2EE4909D}.Debug|Any CPU.Build.0 = Debug|Any CPU
		{33AFED39-1E34-4238-9831-03BA2EE4909D}.Release|Any CPU.ActiveCfg = Release|Any CPU
		{33AFED39-1E34-4238-9831-03BA2EE4909D}.Release|Any CPU.Build.0 = Release|Any CPU
	EndGlobalSection
	GlobalSection(SolutionProperties) = preSolution
		HideSolutionNode = FALSE
	EndGlobalSection
	GlobalSection(ExtensibilityGlobals) = postSolution
		SolutionGuid = {A00869A4-CAC9-40BD-98C5-6D48FE2CE538}
	EndGlobalSection
EndGlobal
